
Microsoft Visual Studio Solution File, Format Version 12.00
# Visual Studio Version 16
VisualStudioVersion = 16.0.30320.27
MinimumVisualStudioVersion = 10.0.40219.1
Project("{FAE04EC0-301F-11D3-BF4B-00C04F79EFBC}") = "TheQueenOfSauceReminder", "TheQueenOfSauceReminder\TheQueenOfSauceReminder.csproj", "{39D918C8-7157-406A-8F20-7575AE2615A5}"
EndProject
Global
	GlobalSection(SolutionConfigurationPlatforms) = preSolution
		Debug|Any CPU = Debug|Any CPU
		Release|Any CPU = Release|Any CPU
	EndGlobalSection
	GlobalSection(ProjectConfigurationPlatforms) = postSolution
		{39D918C8-7157-406A-8F20-7575AE2615A5}.Debug|Any CPU.ActiveCfg = Debug|Any CPU
		{39D918C8-7157-406A-8F20-7575AE2615A5}.Debug|Any CPU.Build.0 = Debug|Any CPU
		{39D918C8-7157-406A-8F20-7575AE2615A5}.Release|Any CPU.ActiveCfg = Release|Any CPU
		{39D918C8-7157-406A-8F20-7575AE2615A5}.Release|Any CPU.Build.0 = Release|Any CPU
	EndGlobalSection
	GlobalSection(SolutionProperties) = preSolution
		HideSolutionNode = FALSE
	EndGlobalSection
	GlobalSection(ExtensibilityGlobals) = postSolution
		SolutionGuid = {AC54F21B-9456-481F-BCBB-B81B997E3893}
	EndGlobalSection
EndGlobal
